
Microsoft Visual Studio Solution File, Format Version 12.00
# Visual Studio Version 17
VisualStudioVersion = 17.9.34728.123
MinimumVisualStudioVersion = 10.0.40219.1
Project("{FAE04EC0-301F-11D3-BF4B-00C04F79EFBC}") = "paiza_LevelUp_D", "paiza_LevelUp_D.csproj", "{3B7768DD-2900-4698-92C0-6D32E4A0317A}"
EndProject
Global
	GlobalSection(SolutionConfigurationPlatforms) = preSolution
		Debug|Any CPU = Debug|Any CPU
		Release|Any CPU = Release|Any CPU
	EndGlobalSection
	GlobalSection(ProjectConfigurationPlatforms) = postSolution
		{3B7768DD-2900-4698-92C0-6D32E4A0317A}.Debug|Any CPU.ActiveCfg = Debug|Any CPU
		{3B7768DD-2900-4698-92C0-6D32E4A0317A}.Debug|Any CPU.Build.0 = Debug|Any CPU
		{3B7768DD-2900-4698-92C0-6D32E4A0317A}.Release|Any CPU.ActiveCfg = Release|Any CPU
		{3B7768DD-2900-4698-92C0-6D32E4A0317A}.Release|Any CPU.Build.0 = Release|Any CPU
	EndGlobalSection
	GlobalSection(SolutionProperties) = preSolution
		HideSolutionNode = FALSE
	EndGlobalSection
	GlobalSection(ExtensibilityGlobals) = postSolution
		SolutionGuid = {DDAC5B5B-2C9E-418C-A2CA-2BA144447827}
	EndGlobalSection
EndGlobal
